
Microsoft Visual Studio Solution File, Format Version 12.00
# Visual Studio Version 16
VisualStudioVersion = 16.0.29318.209
MinimumVisualStudioVersion = 10.0.40219.1
Project("{2150E333-8FDC-42A3-9474-1A3956D46DE8}") = "src", "src", "{2D98B713-0741-47A2-9709-ECA922F1C9DC}"
EndProject
Project("{2150E333-8FDC-42A3-9474-1A3956D46DE8}") = "ParallelProgramming", "ParallelProgramming", "{328D06F5-D52B-480D-979F-B4A0BC6BB5C6}"
EndProject
Project("{2150E333-8FDC-42A3-9474-1A3956D46DE8}") = "Commons", "Commons", "{9985C351-7429-4A30-AA1D-D993F601F913}"
EndProject
Project("{2150E333-8FDC-42A3-9474-1A3956D46DE8}") = "Collections", "Collections", "{545997EC-BFE0-4369-B91B-6448EBF0E2F6}"
EndProject
Project("{9A19103F-16F7-4668-BE54-9A1E7A4F7556}") = "Dicts", "src\Collections\Dicts\Dicts.csproj", "{2A2EC6C3-573E-483E-9D2C-BB74B2A8050B}"
EndProject
Project("{9A19103F-16F7-4668-BE54-9A1E7A4F7556}") = "Arrays", "src\Collections\Arrays\Arrays.csproj", "{C0002BEE-F21F-4238-BF0D-0AF6414DF364}"
EndProject
Project("{9A19103F-16F7-4668-BE54-9A1E7A4F7556}") = "Lists", "src\Collections\Lists\Lists.csproj", "{88765371-4712-4C1D-8E53-A15F46B615B9}"
EndProject
Project("{9A19103F-16F7-4668-BE54-9A1E7A4F7556}") = "Ref_Out", "src\Commons\Ref_Out\Ref_Out.csproj", "{D2A8F7A0-DE56-4B14-BD15-F40DC6EC6AB1}"
EndProject
Project("{9A19103F-16F7-4668-BE54-9A1E7A4F7556}") = "Basics", "src\Commons\Basics\Basics.csproj", "{27FAC5ED-0325-43C7-9E40-29DFC8DFD000}"
EndProject
Project("{9A19103F-16F7-4668-BE54-9A1E7A4F7556}") = "Async2", "src\ParalelProgramming\Async2\Async2.csproj", "{F48BD146-35B4-48B1-92C6-64F22636916C}"
EndProject
Project("{9A19103F-16F7-4668-BE54-9A1E7A4F7556}") = "Async-Await", "src\ParalelProgramming\Async-Await\Async-Await.csproj", "{42148580-4533-4689-9BAD-F025C87D7630}"
EndProject
Project("{9A19103F-16F7-4668-BE54-9A1E7A4F7556}") = "CancellationTokenExample", "src\ParalelProgramming\CancellationTokenExample\CancellationTokenExample.csproj", "{F4FF8CB7-C134-4250-A7F5-DCEDDE054674}"
EndProject
Project("{9A19103F-16F7-4668-BE54-9A1E7A4F7556}") = "Threads", "src\ParalelProgramming\Threads\Threads.csproj", "{FD50EED3-956F-4AEA-9862-BE026F937690}"
EndProject
Project("{9A19103F-16F7-4668-BE54-9A1E7A4F7556}") = "Enum", "src\Commons\Enum\Enum.csproj", "{854E983B-A3AB-4192-B2BF-CF4A7045ED47}"
EndProject
Project("{9A19103F-16F7-4668-BE54-9A1E7A4F7556}") = "FileHandling", "src\Commons\FileHandling\FileHandling.csproj", "{B2C74568-B02B-436A-A99D-A7DA30B2EE32}"
EndProject
Project("{9A19103F-16F7-4668-BE54-9A1E7A4F7556}") = "EnumerableExample", "src\Collections\EnumerableExample\EnumerableExample.csproj", "{5536AC49-3F0F-47FE-B416-89700CD277E1}"
EndProject
Project("{9A19103F-16F7-4668-BE54-9A1E7A4F7556}") = "Polymorphism", "src\Commons\Polymorphism\Polymorphism.csproj", "{6ED20BF3-7C26-476E-8982-A80D30A41D70}"
EndProject
Project("{9A19103F-16F7-4668-BE54-9A1E7A4F7556}") = "KVPair", "src\Collections\KVPair\KVPair.csproj", "{9BB2AD57-03B7-428B-88D4-A3CA6D319E47}"
EndProject
Project("{9A19103F-16F7-4668-BE54-9A1E7A4F7556}") = "LambdaExamples", "src\Commons\LambdaExamples\LambdaExamples.csproj", "{1A0141CD-38BE-4AA1-9AAC-52C5D4D7EF00}"
EndProject
Project("{9A19103F-16F7-4668-BE54-9A1E7A4F7556}") = "LinqExamples", "src\Commons\LinqExamples\LinqExamples.csproj", "{FE6E8946-4E97-4FE5-820A-4B3A9F8A4638}"
EndProject
Project("{9A19103F-16F7-4668-BE54-9A1E7A4F7556}") = "StringOperations", "src\Commons\StringOperations\StringOperations.csproj", "{C11364F4-F4D6-424F-842D-B36CAE8A1BC3}"
EndProject
Project("{2150E333-8FDC-42A3-9474-1A3956D46DE8}") = ".netCore", ".netCore", "{29024E51-5171-4CD8-B04C-5C9C55F6F228}"
EndProject
Project("{9A19103F-16F7-4668-BE54-9A1E7A4F7556}") = "webApp", "src\.netCore\webApp\webApp.csproj", "{8EA91AB3-E772-437F-A0E7-DCFE4DDCCC51}"
EndProject
Project("{9A19103F-16F7-4668-BE54-9A1E7A4F7556}") = "OdeToFood.Core", "src\.netCore\OdeToFood.Core\OdeToFood.Core.csproj", "{A4B4A217-55B5-467B-AFC4-62F625AE43C6}"
EndProject
Project("{9A19103F-16F7-4668-BE54-9A1E7A4F7556}") = "OdeToFood.Data", "src\.netCore\OdeToFood.Data\OdeToFood.Data.csproj", "{0FB02900-BA65-4D5C-97DE-DC9190E260A8}"
EndProject
Project("{9A19103F-16F7-4668-BE54-9A1E7A4F7556}") = "AttributeExamples", "src\Commons\AttributeExamples\AttributeExamples.csproj", "{B172769C-08EA-4630-B296-8ECFFC761E45}"
EndProject
Project("{2150E333-8FDC-42A3-9474-1A3956D46DE8}") = "coreMvc", "coreMvc", "{CB8D0F37-EDF3-4DA8-B797-65D746536F71}"
EndProject
Project("{9A19103F-16F7-4668-BE54-9A1E7A4F7556}") = "exCoreMvc", "src\coreMvc\exCoreMvc\exCoreMvc.csproj", "{FC536FB3-B6DC-45FA-A90B-C8B6964F075E}"
EndProject
Project("{9A19103F-16F7-4668-BE54-9A1E7A4F7556}") = "RegexFull", "src\Commons\RegexFull\RegexFull.csproj", "{D31343F3-6BAA-41A0-AC68-F6D847CCFC53}"
EndProject
Project("{2150E333-8FDC-42A3-9474-1A3956D46DE8}") = "documents", "documents", "{14D2B51A-A6C9-4E02-9356-38C5FCB8EB01}"
	ProjectSection(SolutionItems) = preProject
		notes.txt = notes.txt
		documents\resources.md = documents\resources.md
	EndProjectSection
EndProject
Project("{9A19103F-16F7-4668-BE54-9A1E7A4F7556}") = "Gneric", "src\Collections\Gneric\Gneric.csproj", "{BBAA2D31-030C-4DEB-B04F-A4F1E59424D2}"
EndProject
Project("{9A19103F-16F7-4668-BE54-9A1E7A4F7556}") = "NewsEight", "src\Commons\NewsEight\NewsEight.csproj", "{34506628-0866-4698-9D00-094A169BBD00}"
EndProject
Project("{9A19103F-16F7-4668-BE54-9A1E7A4F7556}") = "ReflectionExamples", "src\Commons\ReflectionExamples\ReflectionExamples.csproj", "{FE3951B8-787F-4F07-9563-182E5F1AD129}"
EndProject
Project("{9A19103F-16F7-4668-BE54-9A1E7A4F7556}") = "DelegateExamp", "src\Commons\DelegateExamp\DelegateExamp.csproj", "{2D1234E4-BF64-4B40-8B73-3D6351DB0A29}"
EndProject
Project("{2150E333-8FDC-42A3-9474-1A3956D46DE8}") = "advanced", "advanced", "{43C13605-4059-4D85-9758-576109AF84A7}"
EndProject
Project("{9A19103F-16F7-4668-BE54-9A1E7A4F7556}") = "AsyncProgramming", "src\advanced\AsyncProgramming\AsyncProgramming.csproj", "{CD103C4A-34F1-423D-B0D9-B7C7255333D6}"
EndProject
Project("{2150E333-8FDC-42A3-9474-1A3956D46DE8}") = "Tests", "Tests", "{2DCD2BD5-341C-4023-9CF4-A82BDF4B841D}"
EndProject
Project("{9A19103F-16F7-4668-BE54-9A1E7A4F7556}") = "SemaphoreExample", "src\advanced\SemaphoreExample\SemaphoreExample.csproj", "{A04154B0-D158-4750-B8DE-74C9FC647DC7}"
EndProject
Project("{9A19103F-16F7-4668-BE54-9A1E7A4F7556}") = "XTestExample", "src\Tests\XTestExample\XTestExample.csproj", "{B34D6E11-651D-40C8-BFFA-869E812A5223}"
EndProject
Project("{9A19103F-16F7-4668-BE54-9A1E7A4F7556}") = "TestData", "src\Tests\TestExample\TestData\TestData.csproj", "{7C26A765-AD89-4087-8D37-B2C6822508DC}"
EndProject
Project("{2150E333-8FDC-42A3-9474-1A3956D46DE8}") = "ps", "ps", "{2BED194D-FC99-4F98-9365-76ED45C216A7}"
EndProject
Project("{2150E333-8FDC-42A3-9474-1A3956D46DE8}") = "dotNetCoreMVC", "dotNetCoreMVC", "{924F6A9D-B7B7-4F5B-8610-4A18AE15047D}"
EndProject
Project("{9A19103F-16F7-4668-BE54-9A1E7A4F7556}") = "PieShop", "src\ps\dotNetCoreMVC\PieShop\PieShop.csproj", "{41E7B878-A97E-4B60-805F-D58B30E0C7DC}"
EndProject
Project("{2150E333-8FDC-42A3-9474-1A3956D46DE8}") = "dotNetCoreAPI", "dotNetCoreAPI", "{9FB1585C-5FAE-4668-9869-81B7BF40507B}"
EndProject
Project("{9A19103F-16F7-4668-BE54-9A1E7A4F7556}") = "Books.Api", "src\ps\dotNetCoreAPI\Books.Api\Books.Api.csproj", "{91B9EF11-CDCF-4FF9-8F33-7D93A5C541F3}"
EndProject
Project("{9A19103F-16F7-4668-BE54-9A1E7A4F7556}") = "BookCovers.Api", "src\ps\dotNetCoreAPI\BookCovers.Api\BookCovers.Api.csproj", "{C97C2EE0-80EB-4452-AEA8-15F602F8186B}"
EndProject
Project("{9A19103F-16F7-4668-BE54-9A1E7A4F7556}") = "CourseLibrary.Api", "src\ps\dotNetCoreAPI\CourseLibrary.Api\CourseLibrary.Api.csproj", "{446F57E2-20B7-4363-A203-6A1230C41E76}"
EndProject
Project("{2150E333-8FDC-42A3-9474-1A3956D46DE8}") = "dotNetCore", "dotNetCore", "{96CFDE70-A8C9-4C73-A6CF-79FEFC643EA6}"
EndProject
Project("{2150E333-8FDC-42A3-9474-1A3956D46DE8}") = "DI", "DI", "{957E6654-036E-4B7A-9314-9561A64896D5}"
EndProject
Project("{9A19103F-16F7-4668-BE54-9A1E7A4F7556}") = "TennisBookings", "src\ps\dotNetCore\DI\TennisBookings\TennisBookings.csproj", "{8B9C24E8-2A6C-4292-9950-D9D4B5E7976F}"
EndProject
Project("{9A19103F-16F7-4668-BE54-9A1E7A4F7556}") = "TennisBookings.Test", "src\ps\dotNetCore\DI\TennisBookings.Test\TennisBookings.Test.csproj", "{6459E784-B73A-46B2-BCF7-01320505D37C}"
EndProject
Project("{2150E333-8FDC-42A3-9474-1A3956D46DE8}") = "solid", "solid", "{BFD7A897-4E27-4EA3-82CE-6BBF463C1ECF}"
EndProject
Project("{9A19103F-16F7-4668-BE54-9A1E7A4F7556}") = "dip", "src\solid\dip\dip.csproj", "{A7F60CAC-55EF-47D2-AE2E-5119FDA6A3CB}"
EndProject
Project("{9A19103F-16F7-4668-BE54-9A1E7A4F7556}") = "DesignPatterns", "src\solid\DesignPatterns\DesignPatterns.csproj", "{A2CA7D5A-2F97-46FA-B2F6-454CB3294890}"
EndProject
Global
	GlobalSection(SolutionConfigurationPlatforms) = preSolution
		Debug|Any CPU = Debug|Any CPU
		Release|Any CPU = Release|Any CPU
	EndGlobalSection
	GlobalSection(ProjectConfigurationPlatforms) = postSolution
		{2A2EC6C3-573E-483E-9D2C-BB74B2A8050B}.Debug|Any CPU.ActiveCfg = Debug|Any CPU
		{2A2EC6C3-573E-483E-9D2C-BB74B2A8050B}.Debug|Any CPU.Build.0 = Debug|Any CPU
		{2A2EC6C3-573E-483E-9D2C-BB74B2A8050B}.Release|Any CPU.ActiveCfg = Release|Any CPU
		{2A2EC6C3-573E-483E-9D2C-BB74B2A8050B}.Release|Any CPU.Build.0 = Release|Any CPU
		{C0002BEE-F21F-4238-BF0D-0AF6414DF364}.Debug|Any CPU.ActiveCfg = Debug|Any CPU
		{C0002BEE-F21F-4238-BF0D-0AF6414DF364}.Debug|Any CPU.Build.0 = Debug|Any CPU
		{C0002BEE-F21F-4238-BF0D-0AF6414DF364}.Release|Any CPU.ActiveCfg = Release|Any CPU
		{C0002BEE-F21F-4238-BF0D-0AF6414DF364}.Release|Any CPU.Build.0 = Release|Any CPU
		{88765371-4712-4C1D-8E53-A15F46B615B9}.Debug|Any CPU.ActiveCfg = Debug|Any CPU
		{88765371-4712-4C1D-8E53-A15F46B615B9}.Debug|Any CPU.Build.0 = Debug|Any CPU
		{88765371-4712-4C1D-8E53-A15F46B615B9}.Release|Any CPU.ActiveCfg = Release|Any CPU
		{88765371-4712-4C1D-8E53-A15F46B615B9}.Release|Any CPU.Build.0 = Release|Any CPU
		{D2A8F7A0-DE56-4B14-BD15-F40DC6EC6AB1}.Debug|Any CPU.ActiveCfg = Debug|Any CPU
		{D2A8F7A0-DE56-4B14-BD15-F40DC6EC6AB1}.Debug|Any CPU.Build.0 = Debug|Any CPU
		{D2A8F7A0-DE56-4B14-BD15-F40DC6EC6AB1}.Release|Any CPU.ActiveCfg = Release|Any CPU
		{D2A8F7A0-DE56-4B14-BD15-F40DC6EC6AB1}.Release|Any CPU.Build.0 = Release|Any CPU
		{27FAC5ED-0325-43C7-9E40-29DFC8DFD000}.Debug|Any CPU.ActiveCfg = Debug|Any CPU
		{27FAC5ED-0325-43C7-9E40-29DFC8DFD000}.Debug|Any CPU.Build.0 = Debug|Any CPU
		{27FAC5ED-0325-43C7-9E40-29DFC8DFD000}.Release|Any CPU.ActiveCfg = Release|Any CPU
		{27FAC5ED-0325-43C7-9E40-29DFC8DFD000}.Release|Any CPU.Build.0 = Release|Any CPU
		{F48BD146-35B4-48B1-92C6-64F22636916C}.Debug|Any CPU.ActiveCfg = Debug|Any CPU
		{F48BD146-35B4-48B1-92C6-64F22636916C}.Debug|Any CPU.Build.0 = Debug|Any CPU
		{F48BD146-35B4-48B1-92C6-64F22636916C}.Release|Any CPU.ActiveCfg = Release|Any CPU
		{F48BD146-35B4-48B1-92C6-64F22636916C}.Release|Any CPU.Build.0 = Release|Any CPU
		{42148580-4533-4689-9BAD-F025C87D7630}.Debug|Any CPU.ActiveCfg = Debug|Any CPU
		{42148580-4533-4689-9BAD-F025C87D7630}.Debug|Any CPU.Build.0 = Debug|Any CPU
		{42148580-4533-4689-9BAD-F025C87D7630}.Release|Any CPU.ActiveCfg = Release|Any CPU
		{42148580-4533-4689-9BAD-F025C87D7630}.Release|Any CPU.Build.0 = Release|Any CPU
		{F4FF8CB7-C134-4250-A7F5-DCEDDE054674}.Debug|Any CPU.ActiveCfg = Debug|Any CPU
		{F4FF8CB7-C134-4250-A7F5-DCEDDE054674}.Debug|Any CPU.Build.0 = Debug|Any CPU
		{F4FF8CB7-C134-4250-A7F5-DCEDDE054674}.Release|Any CPU.ActiveCfg = Release|Any CPU
		{F4FF8CB7-C134-4250-A7F5-DCEDDE054674}.Release|Any CPU.Build.0 = Release|Any CPU
		{FD50EED3-956F-4AEA-9862-BE026F937690}.Debug|Any CPU.ActiveCfg = Debug|Any CPU
		{FD50EED3-956F-4AEA-9862-BE026F937690}.Debug|Any CPU.Build.0 = Debug|Any CPU
		{FD50EED3-956F-4AEA-9862-BE026F937690}.Release|Any CPU.ActiveCfg = Release|Any CPU
		{FD50EED3-956F-4AEA-9862-BE026F937690}.Release|Any CPU.Build.0 = Release|Any CPU
		{854E983B-A3AB-4192-B2BF-CF4A7045ED47}.Debug|Any CPU.ActiveCfg = Debug|Any CPU
		{854E983B-A3AB-4192-B2BF-CF4A7045ED47}.Debug|Any CPU.Build.0 = Debug|Any CPU
		{854E983B-A3AB-4192-B2BF-CF4A7045ED47}.Release|Any CPU.ActiveCfg = Release|Any CPU
		{854E983B-A3AB-4192-B2BF-CF4A7045ED47}.Release|Any CPU.Build.0 = Release|Any CPU
		{B2C74568-B02B-436A-A99D-A7DA30B2EE32}.Debug|Any CPU.ActiveCfg = Debug|Any CPU
		{B2C74568-B02B-436A-A99D-A7DA30B2EE32}.Debug|Any CPU.Build.0 = Debug|Any CPU
		{B2C74568-B02B-436A-A99D-A7DA30B2EE32}.Release|Any CPU.ActiveCfg = Release|Any CPU
		{B2C74568-B02B-436A-A99D-A7DA30B2EE32}.Release|Any CPU.Build.0 = Release|Any CPU
		{5536AC49-3F0F-47FE-B416-89700CD277E1}.Debug|Any CPU.ActiveCfg = Debug|Any CPU
		{5536AC49-3F0F-47FE-B416-89700CD277E1}.Debug|Any CPU.Build.0 = Debug|Any CPU
		{5536AC49-3F0F-47FE-B416-89700CD277E1}.Release|Any CPU.ActiveCfg = Release|Any CPU
		{5536AC49-3F0F-47FE-B416-89700CD277E1}.Release|Any CPU.Build.0 = Release|Any CPU
		{6ED20BF3-7C26-476E-8982-A80D30A41D70}.Debug|Any CPU.ActiveCfg = Debug|Any CPU
		{6ED20BF3-7C26-476E-8982-A80D30A41D70}.Debug|Any CPU.Build.0 = Debug|Any CPU
		{6ED20BF3-7C26-476E-8982-A80D30A41D70}.Release|Any CPU.ActiveCfg = Release|Any CPU
		{6ED20BF3-7C26-476E-8982-A80D30A41D70}.Release|Any CPU.Build.0 = Release|Any CPU
		{9BB2AD57-03B7-428B-88D4-A3CA6D319E47}.Debug|Any CPU.ActiveCfg = Debug|Any CPU
		{9BB2AD57-03B7-428B-88D4-A3CA6D319E47}.Debug|Any CPU.Build.0 = Debug|Any CPU
		{9BB2AD57-03B7-428B-88D4-A3CA6D319E47}.Release|Any CPU.ActiveCfg = Release|Any CPU
		{9BB2AD57-03B7-428B-88D4-A3CA6D319E47}.Release|Any CPU.Build.0 = Release|Any CPU
		{1A0141CD-38BE-4AA1-9AAC-52C5D4D7EF00}.Debug|Any CPU.ActiveCfg = Debug|Any CPU
		{1A0141CD-38BE-4AA1-9AAC-52C5D4D7EF00}.Debug|Any CPU.Build.0 = Debug|Any CPU
		{1A0141CD-38BE-4AA1-9AAC-52C5D4D7EF00}.Release|Any CPU.ActiveCfg = Release|Any CPU
		{1A0141CD-38BE-4AA1-9AAC-52C5D4D7EF00}.Release|Any CPU.Build.0 = Release|Any CPU
		{FE6E8946-4E97-4FE5-820A-4B3A9F8A4638}.Debug|Any CPU.ActiveCfg = Debug|Any CPU
		{FE6E8946-4E97-4FE5-820A-4B3A9F8A4638}.Debug|Any CPU.Build.0 = Debug|Any CPU
		{FE6E8946-4E97-4FE5-820A-4B3A9F8A4638}.Release|Any CPU.ActiveCfg = Release|Any CPU
		{FE6E8946-4E97-4FE5-820A-4B3A9F8A4638}.Release|Any CPU.Build.0 = Release|Any CPU
		{C11364F4-F4D6-424F-842D-B36CAE8A1BC3}.Debug|Any CPU.ActiveCfg = Debug|Any CPU
		{C11364F4-F4D6-424F-842D-B36CAE8A1BC3}.Debug|Any CPU.Build.0 = Debug|Any CPU
		{C11364F4-F4D6-424F-842D-B36CAE8A1BC3}.Release|Any CPU.ActiveCfg = Release|Any CPU
		{C11364F4-F4D6-424F-842D-B36CAE8A1BC3}.Release|Any CPU.Build.0 = Release|Any CPU
		{8EA91AB3-E772-437F-A0E7-DCFE4DDCCC51}.Debug|Any CPU.ActiveCfg = Debug|Any CPU
		{8EA91AB3-E772-437F-A0E7-DCFE4DDCCC51}.Debug|Any CPU.Build.0 = Debug|Any CPU
		{8EA91AB3-E772-437F-A0E7-DCFE4DDCCC51}.Release|Any CPU.ActiveCfg = Release|Any CPU
		{8EA91AB3-E772-437F-A0E7-DCFE4DDCCC51}.Release|Any CPU.Build.0 = Release|Any CPU
		{A4B4A217-55B5-467B-AFC4-62F625AE43C6}.Debug|Any CPU.ActiveCfg = Debug|Any CPU
		{A4B4A217-55B5-467B-AFC4-62F625AE43C6}.Debug|Any CPU.Build.0 = Debug|Any CPU
		{A4B4A217-55B5-467B-AFC4-62F625AE43C6}.Release|Any CPU.ActiveCfg = Release|Any CPU
		{A4B4A217-55B5-467B-AFC4-62F625AE43C6}.Release|Any CPU.Build.0 = Release|Any CPU
		{0FB02900-BA65-4D5C-97DE-DC9190E260A8}.Debug|Any CPU.ActiveCfg = Debug|Any CPU
		{0FB02900-BA65-4D5C-97DE-DC9190E260A8}.Debug|Any CPU.Build.0 = Debug|Any CPU
		{0FB02900-BA65-4D5C-97DE-DC9190E260A8}.Release|Any CPU.ActiveCfg = Release|Any CPU
		{0FB02900-BA65-4D5C-97DE-DC9190E260A8}.Release|Any CPU.Build.0 = Release|Any CPU
		{B172769C-08EA-4630-B296-8ECFFC761E45}.Debug|Any CPU.ActiveCfg = Debug|Any CPU
		{B172769C-08EA-4630-B296-8ECFFC761E45}.Debug|Any CPU.Build.0 = Debug|Any CPU
		{B172769C-08EA-4630-B296-8ECFFC761E45}.Release|Any CPU.ActiveCfg = Release|Any CPU
		{B172769C-08EA-4630-B296-8ECFFC761E45}.Release|Any CPU.Build.0 = Release|Any CPU
		{FC536FB3-B6DC-45FA-A90B-C8B6964F075E}.Debug|Any CPU.ActiveCfg = Debug|Any CPU
		{FC536FB3-B6DC-45FA-A90B-C8B6964F075E}.Debug|Any CPU.Build.0 = Debug|Any CPU
		{FC536FB3-B6DC-45FA-A90B-C8B6964F075E}.Release|Any CPU.ActiveCfg = Release|Any CPU
		{FC536FB3-B6DC-45FA-A90B-C8B6964F075E}.Release|Any CPU.Build.0 = Release|Any CPU
		{D31343F3-6BAA-41A0-AC68-F6D847CCFC53}.Debug|Any CPU.ActiveCfg = Debug|Any CPU
		{D31343F3-6BAA-41A0-AC68-F6D847CCFC53}.Debug|Any CPU.Build.0 = Debug|Any CPU
		{D31343F3-6BAA-41A0-AC68-F6D847CCFC53}.Release|Any CPU.ActiveCfg = Release|Any CPU
		{D31343F3-6BAA-41A0-AC68-F6D847CCFC53}.Release|Any CPU.Build.0 = Release|Any CPU
		{BBAA2D31-030C-4DEB-B04F-A4F1E59424D2}.Debug|Any CPU.ActiveCfg = Debug|Any CPU
		{BBAA2D31-030C-4DEB-B04F-A4F1E59424D2}.Debug|Any CPU.Build.0 = Debug|Any CPU
		{BBAA2D31-030C-4DEB-B04F-A4F1E59424D2}.Release|Any CPU.ActiveCfg = Release|Any CPU
		{BBAA2D31-030C-4DEB-B04F-A4F1E59424D2}.Release|Any CPU.Build.0 = Release|Any CPU
		{34506628-0866-4698-9D00-094A169BBD00}.Debug|Any CPU.ActiveCfg = Debug|Any CPU
		{34506628-0866-4698-9D00-094A169BBD00}.Debug|Any CPU.Build.0 = Debug|Any CPU
		{34506628-0866-4698-9D00-094A169BBD00}.Release|Any CPU.ActiveCfg = Release|Any CPU
		{34506628-0866-4698-9D00-094A169BBD00}.Release|Any CPU.Build.0 = Release|Any CPU
		{FE3951B8-787F-4F07-9563-182E5F1AD129}.Debug|Any CPU.ActiveCfg = Debug|Any CPU
		{FE3951B8-787F-4F07-9563-182E5F1AD129}.Debug|Any CPU.Build.0 = Debug|Any CPU
		{FE3951B8-787F-4F07-9563-182E5F1AD129}.Release|Any CPU.ActiveCfg = Release|Any CPU
		{FE3951B8-787F-4F07-9563-182E5F1AD129}.Release|Any CPU.Build.0 = Release|Any CPU
		{2D1234E4-BF64-4B40-8B73-3D6351DB0A29}.Debug|Any CPU.ActiveCfg = Debug|Any CPU
		{2D1234E4-BF64-4B40-8B73-3D6351DB0A29}.Debug|Any CPU.Build.0 = Debug|Any CPU
		{2D1234E4-BF64-4B40-8B73-3D6351DB0A29}.Release|Any CPU.ActiveCfg = Release|Any CPU
		{2D1234E4-BF64-4B40-8B73-3D6351DB0A29}.Release|Any CPU.Build.0 = Release|Any CPU
		{CD103C4A-34F1-423D-B0D9-B7C7255333D6}.Debug|Any CPU.ActiveCfg = Debug|Any CPU
		{CD103C4A-34F1-423D-B0D9-B7C7255333D6}.Debug|Any CPU.Build.0 = Debug|Any CPU
		{CD103C4A-34F1-423D-B0D9-B7C7255333D6}.Release|Any CPU.ActiveCfg = Release|Any CPU
		{CD103C4A-34F1-423D-B0D9-B7C7255333D6}.Release|Any CPU.Build.0 = Release|Any CPU
		{A04154B0-D158-4750-B8DE-74C9FC647DC7}.Debug|Any CPU.ActiveCfg = Debug|Any CPU
		{A04154B0-D158-4750-B8DE-74C9FC647DC7}.Debug|Any CPU.Build.0 = Debug|Any CPU
		{A04154B0-D158-4750-B8DE-74C9FC647DC7}.Release|Any CPU.ActiveCfg = Release|Any CPU
		{A04154B0-D158-4750-B8DE-74C9FC647DC7}.Release|Any CPU.Build.0 = Release|Any CPU
		{B34D6E11-651D-40C8-BFFA-869E812A5223}.Debug|Any CPU.ActiveCfg = Debug|Any CPU
		{B34D6E11-651D-40C8-BFFA-869E812A5223}.Debug|Any CPU.Build.0 = Debug|Any CPU
		{B34D6E11-651D-40C8-BFFA-869E812A5223}.Release|Any CPU.ActiveCfg = Release|Any CPU
		{B34D6E11-651D-40C8-BFFA-869E812A5223}.Release|Any CPU.Build.0 = Release|Any CPU
		{7C26A765-AD89-4087-8D37-B2C6822508DC}.Debug|Any CPU.ActiveCfg = Debug|Any CPU
		{7C26A765-AD89-4087-8D37-B2C6822508DC}.Debug|Any CPU.Build.0 = Debug|Any CPU
		{7C26A765-AD89-4087-8D37-B2C6822508DC}.Release|Any CPU.ActiveCfg = Release|Any CPU
		{7C26A765-AD89-4087-8D37-B2C6822508DC}.Release|Any CPU.Build.0 = Release|Any CPU
		{41E7B878-A97E-4B60-805F-D58B30E0C7DC}.Debug|Any CPU.ActiveCfg = Debug|Any CPU
		{41E7B878-A97E-4B60-805F-D58B30E0C7DC}.Debug|Any CPU.Build.0 = Debug|Any CPU
		{41E7B878-A97E-4B60-805F-D58B30E0C7DC}.Release|Any CPU.ActiveCfg = Release|Any CPU
		{41E7B878-A97E-4B60-805F-D58B30E0C7DC}.Release|Any CPU.Build.0 = Release|Any CPU
		{91B9EF11-CDCF-4FF9-8F33-7D93A5C541F3}.Debug|Any CPU.ActiveCfg = Debug|Any CPU
		{91B9EF11-CDCF-4FF9-8F33-7D93A5C541F3}.Debug|Any CPU.Build.0 = Debug|Any CPU
		{91B9EF11-CDCF-4FF9-8F33-7D93A5C541F3}.Release|Any CPU.ActiveCfg = Release|Any CPU
		{91B9EF11-CDCF-4FF9-8F33-7D93A5C541F3}.Release|Any CPU.Build.0 = Release|Any CPU
		{C97C2EE0-80EB-4452-AEA8-15F602F8186B}.Debug|Any CPU.ActiveCfg = Debug|Any CPU
		{C97C2EE0-80EB-4452-AEA8-15F602F8186B}.Debug|Any CPU.Build.0 = Debug|Any CPU
		{C97C2EE0-80EB-4452-AEA8-15F602F8186B}.Release|Any CPU.ActiveCfg = Release|Any CPU
		{C97C2EE0-80EB-4452-AEA8-15F602F8186B}.Release|Any CPU.Build.0 = Release|Any CPU
		{446F57E2-20B7-4363-A203-6A1230C41E76}.Debug|Any CPU.ActiveCfg = Debug|Any CPU
		{446F57E2-20B7-4363-A203-6A1230C41E76}.Debug|Any CPU.Build.0 = Debug|Any CPU
		{446F57E2-20B7-4363-A203-6A1230C41E76}.Release|Any CPU.ActiveCfg = Release|Any CPU
		{446F57E2-20B7-4363-A203-6A1230C41E76}.Release|Any CPU.Build.0 = Release|Any CPU
		{8B9C24E8-2A6C-4292-9950-D9D4B5E7976F}.Debug|Any CPU.ActiveCfg = Debug|Any CPU
		{8B9C24E8-2A6C-4292-9950-D9D4B5E7976F}.Debug|Any CPU.Build.0 = Debug|Any CPU
		{8B9C24E8-2A6C-4292-9950-D9D4B5E7976F}.Release|Any CPU.ActiveCfg = Release|Any CPU
		{8B9C24E8-2A6C-4292-9950-D9D4B5E7976F}.Release|Any CPU.Build.0 = Release|Any CPU
		{6459E784-B73A-46B2-BCF7-01320505D37C}.Debug|Any CPU.ActiveCfg = Debug|Any CPU
		{6459E784-B73A-46B2-BCF7-01320505D37C}.Debug|Any CPU.Build.0 = Debug|Any CPU
		{6459E784-B73A-46B2-BCF7-01320505D37C}.Release|Any CPU.ActiveCfg = Release|Any CPU
		{6459E784-B73A-46B2-BCF7-01320505D37C}.Release|Any CPU.Build.0 = Release|Any CPU
		{A7F60CAC-55EF-47D2-AE2E-5119FDA6A3CB}.Debug|Any CPU.ActiveCfg = Debug|Any CPU
		{A7F60CAC-55EF-47D2-AE2E-5119FDA6A3CB}.Debug|Any CPU.Build.0 = Debug|Any CPU
		{A7F60CAC-55EF-47D2-AE2E-5119FDA6A3CB}.Release|Any CPU.ActiveCfg = Release|Any CPU
		{A7F60CAC-55EF-47D2-AE2E-5119FDA6A3CB}.Release|Any CPU.Build.0 = Release|Any CPU
		{A2CA7D5A-2F97-46FA-B2F6-454CB3294890}.Debug|Any CPU.ActiveCfg = Debug|Any CPU
		{A2CA7D5A-2F97-46FA-B2F6-454CB3294890}.Debug|Any CPU.Build.0 = Debug|Any CPU
		{A2CA7D5A-2F97-46FA-B2F6-454CB3294890}.Release|Any CPU.ActiveCfg = Release|Any CPU
		{A2CA7D5A-2F97-46FA-B2F6-454CB3294890}.Release|Any CPU.Build.0 = Release|Any CPU
	EndGlobalSection
	GlobalSection(SolutionProperties) = preSolution
		HideSolutionNode = FALSE
	EndGlobalSection
	GlobalSection(NestedProjects) = preSolution
		{328D06F5-D52B-480D-979F-B4A0BC6BB5C6} = {2D98B713-0741-47A2-9709-ECA922F1C9DC}
		{9985C351-7429-4A30-AA1D-D993F601F913} = {2D98B713-0741-47A2-9709-ECA922F1C9DC}
		{545997EC-BFE0-4369-B91B-6448EBF0E2F6} = {2D98B713-0741-47A2-9709-ECA922F1C9DC}
		{2A2EC6C3-573E-483E-9D2C-BB74B2A8050B} = {545997EC-BFE0-4369-B91B-6448EBF0E2F6}
		{C0002BEE-F21F-4238-BF0D-0AF6414DF364} = {545997EC-BFE0-4369-B91B-6448EBF0E2F6}
		{88765371-4712-4C1D-8E53-A15F46B615B9} = {545997EC-BFE0-4369-B91B-6448EBF0E2F6}
		{D2A8F7A0-DE56-4B14-BD15-F40DC6EC6AB1} = {9985C351-7429-4A30-AA1D-D993F601F913}
		{27FAC5ED-0325-43C7-9E40-29DFC8DFD000} = {9985C351-7429-4A30-AA1D-D993F601F913}
		{F48BD146-35B4-48B1-92C6-64F22636916C} = {328D06F5-D52B-480D-979F-B4A0BC6BB5C6}
		{42148580-4533-4689-9BAD-F025C87D7630} = {328D06F5-D52B-480D-979F-B4A0BC6BB5C6}
		{F4FF8CB7-C134-4250-A7F5-DCEDDE054674} = {328D06F5-D52B-480D-979F-B4A0BC6BB5C6}
		{FD50EED3-956F-4AEA-9862-BE026F937690} = {328D06F5-D52B-480D-979F-B4A0BC6BB5C6}
		{854E983B-A3AB-4192-B2BF-CF4A7045ED47} = {9985C351-7429-4A30-AA1D-D993F601F913}
		{B2C74568-B02B-436A-A99D-A7DA30B2EE32} = {9985C351-7429-4A30-AA1D-D993F601F913}
		{5536AC49-3F0F-47FE-B416-89700CD277E1} = {545997EC-BFE0-4369-B91B-6448EBF0E2F6}
		{6ED20BF3-7C26-476E-8982-A80D30A41D70} = {9985C351-7429-4A30-AA1D-D993F601F913}
		{9BB2AD57-03B7-428B-88D4-A3CA6D319E47} = {545997EC-BFE0-4369-B91B-6448EBF0E2F6}
		{1A0141CD-38BE-4AA1-9AAC-52C5D4D7EF00} = {9985C351-7429-4A30-AA1D-D993F601F913}
		{FE6E8946-4E97-4FE5-820A-4B3A9F8A4638} = {9985C351-7429-4A30-AA1D-D993F601F913}
		{C11364F4-F4D6-424F-842D-B36CAE8A1BC3} = {9985C351-7429-4A30-AA1D-D993F601F913}
		{29024E51-5171-4CD8-B04C-5C9C55F6F228} = {2D98B713-0741-47A2-9709-ECA922F1C9DC}
		{8EA91AB3-E772-437F-A0E7-DCFE4DDCCC51} = {29024E51-5171-4CD8-B04C-5C9C55F6F228}
		{A4B4A217-55B5-467B-AFC4-62F625AE43C6} = {29024E51-5171-4CD8-B04C-5C9C55F6F228}
		{0FB02900-BA65-4D5C-97DE-DC9190E260A8} = {29024E51-5171-4CD8-B04C-5C9C55F6F228}
		{B172769C-08EA-4630-B296-8ECFFC761E45} = {9985C351-7429-4A30-AA1D-D993F601F913}
		{CB8D0F37-EDF3-4DA8-B797-65D746536F71} = {2D98B713-0741-47A2-9709-ECA922F1C9DC}
		{FC536FB3-B6DC-45FA-A90B-C8B6964F075E} = {CB8D0F37-EDF3-4DA8-B797-65D746536F71}
		{D31343F3-6BAA-41A0-AC68-F6D847CCFC53} = {9985C351-7429-4A30-AA1D-D993F601F913}
		{BBAA2D31-030C-4DEB-B04F-A4F1E59424D2} = {545997EC-BFE0-4369-B91B-6448EBF0E2F6}
		{34506628-0866-4698-9D00-094A169BBD00} = {9985C351-7429-4A30-AA1D-D993F601F913}
		{FE3951B8-787F-4F07-9563-182E5F1AD129} = {9985C351-7429-4A30-AA1D-D993F601F913}
		{2D1234E4-BF64-4B40-8B73-3D6351DB0A29} = {9985C351-7429-4A30-AA1D-D993F601F913}
		{43C13605-4059-4D85-9758-576109AF84A7} = {2D98B713-0741-47A2-9709-ECA922F1C9DC}
		{CD103C4A-34F1-423D-B0D9-B7C7255333D6} = {43C13605-4059-4D85-9758-576109AF84A7}
		{2DCD2BD5-341C-4023-9CF4-A82BDF4B841D} = {2D98B713-0741-47A2-9709-ECA922F1C9DC}
		{A04154B0-D158-4750-B8DE-74C9FC647DC7} = {43C13605-4059-4D85-9758-576109AF84A7}
		{B34D6E11-651D-40C8-BFFA-869E812A5223} = {2DCD2BD5-341C-4023-9CF4-A82BDF4B841D}
		{7C26A765-AD89-4087-8D37-B2C6822508DC} = {2DCD2BD5-341C-4023-9CF4-A82BDF4B841D}
		{2BED194D-FC99-4F98-9365-76ED45C216A7} = {2D98B713-0741-47A2-9709-ECA922F1C9DC}
		{924F6A9D-B7B7-4F5B-8610-4A18AE15047D} = {2BED194D-FC99-4F98-9365-76ED45C216A7}
		{41E7B878-A97E-4B60-805F-D58B30E0C7DC} = {924F6A9D-B7B7-4F5B-8610-4A18AE15047D}
		{9FB1585C-5FAE-4668-9869-81B7BF40507B} = {2BED194D-FC99-4F98-9365-76ED45C216A7}
		{91B9EF11-CDCF-4FF9-8F33-7D93A5C541F3} = {9FB1585C-5FAE-4668-9869-81B7BF40507B}
		{C97C2EE0-80EB-4452-AEA8-15F602F8186B} = {9FB1585C-5FAE-4668-9869-81B7BF40507B}
		{446F57E2-20B7-4363-A203-6A1230C41E76} = {9FB1585C-5FAE-4668-9869-81B7BF40507B}
		{96CFDE70-A8C9-4C73-A6CF-79FEFC643EA6} = {2BED194D-FC99-4F98-9365-76ED45C216A7}
		{957E6654-036E-4B7A-9314-9561A64896D5} = {96CFDE70-A8C9-4C73-A6CF-79FEFC643EA6}
		{8B9C24E8-2A6C-4292-9950-D9D4B5E7976F} = {957E6654-036E-4B7A-9314-9561A64896D5}
		{6459E784-B73A-46B2-BCF7-01320505D37C} = {957E6654-036E-4B7A-9314-9561A64896D5}
		{BFD7A897-4E27-4EA3-82CE-6BBF463C1ECF} = {2D98B713-0741-47A2-9709-ECA922F1C9DC}
		{A7F60CAC-55EF-47D2-AE2E-5119FDA6A3CB} = {BFD7A897-4E27-4EA3-82CE-6BBF463C1ECF}
		{A2CA7D5A-2F97-46FA-B2F6-454CB3294890} = {BFD7A897-4E27-4EA3-82CE-6BBF463C1ECF}
	EndGlobalSection
	GlobalSection(ExtensibilityGlobals) = postSolution
		SolutionGuid = {BCCA8F13-6B0E-490C-A9C4-F6DF6FC58F5E}
	EndGlobalSection
EndGlobal
