
Microsoft Visual Studio Solution File, Format Version 12.00
# Visual Studio Version 16
VisualStudioVersion = 16.0.29318.209
MinimumVisualStudioVersion = 10.0.40219.1
Project("{9A19103F-16F7-4668-BE54-9A1E7A4F7556}") = "Arrays", "Exercises\Arrays.csproj", "{266A696C-4D90-40A9-AA40-2FE75DF52858}"
EndProject
Project("{2150E333-8FDC-42A3-9474-1A3956D46DE8}") = "src", "src", "{F7842AE8-2B0F-442E-9E54-92CDE863C382}"
EndProject
Project("{9A19103F-16F7-4668-BE54-9A1E7A4F7556}") = "Lists", "Lists\Lists.csproj", "{0AC137E9-2897-4888-B3BD-92BDEBD9841E}"
EndProject
Project("{9A19103F-16F7-4668-BE54-9A1E7A4F7556}") = "Async-Await", "Async-Await\Async-Await.csproj", "{B005FD2F-CCE6-4778-B76B-80D0D0050540}"
EndProject
Project("{FAE04EC0-301F-11D3-BF4B-00C04F79EFBC}") = "Async2", "Async2\Async2.csproj", "{4E700288-CFEA-4F9A-9125-8F6590FBC0B4}"
EndProject
Project("{2150E333-8FDC-42A3-9474-1A3956D46DE8}") = "ParalelProgramming", "ParalelProgramming", "{9284B1C0-621B-4432-8392-6A8ECE20EAEA}"
EndProject
Project("{2150E333-8FDC-42A3-9474-1A3956D46DE8}") = "Collections", "Collections", "{61D2FB81-3C87-48C3-9D39-40A7291471DF}"
EndProject
Project("{FAE04EC0-301F-11D3-BF4B-00C04F79EFBC}") = "Threads", "Threads\Threads.csproj", "{A63D72A5-E717-464B-BB03-B1B33818CE2C}"
EndProject
Project("{FAE04EC0-301F-11D3-BF4B-00C04F79EFBC}") = "CancellationTokenExample", "CancellationTokenExample\CancellationTokenExample.csproj", "{CDAEC58A-A491-4432-92D7-0CEA9594C016}"
EndProject
Global
	GlobalSection(SolutionConfigurationPlatforms) = preSolution
		Debug|Any CPU = Debug|Any CPU
		Release|Any CPU = Release|Any CPU
	EndGlobalSection
	GlobalSection(ProjectConfigurationPlatforms) = postSolution
		{266A696C-4D90-40A9-AA40-2FE75DF52858}.Debug|Any CPU.ActiveCfg = Debug|Any CPU
		{266A696C-4D90-40A9-AA40-2FE75DF52858}.Debug|Any CPU.Build.0 = Debug|Any CPU
		{266A696C-4D90-40A9-AA40-2FE75DF52858}.Release|Any CPU.ActiveCfg = Release|Any CPU
		{266A696C-4D90-40A9-AA40-2FE75DF52858}.Release|Any CPU.Build.0 = Release|Any CPU
		{0AC137E9-2897-4888-B3BD-92BDEBD9841E}.Debug|Any CPU.ActiveCfg = Debug|Any CPU
		{0AC137E9-2897-4888-B3BD-92BDEBD9841E}.Debug|Any CPU.Build.0 = Debug|Any CPU
		{0AC137E9-2897-4888-B3BD-92BDEBD9841E}.Release|Any CPU.ActiveCfg = Release|Any CPU
		{0AC137E9-2897-4888-B3BD-92BDEBD9841E}.Release|Any CPU.Build.0 = Release|Any CPU
		{B005FD2F-CCE6-4778-B76B-80D0D0050540}.Debug|Any CPU.ActiveCfg = Debug|Any CPU
		{B005FD2F-CCE6-4778-B76B-80D0D0050540}.Debug|Any CPU.Build.0 = Debug|Any CPU
		{B005FD2F-CCE6-4778-B76B-80D0D0050540}.Release|Any CPU.ActiveCfg = Release|Any CPU
		{B005FD2F-CCE6-4778-B76B-80D0D0050540}.Release|Any CPU.Build.0 = Release|Any CPU
		{4E700288-CFEA-4F9A-9125-8F6590FBC0B4}.Debug|Any CPU.ActiveCfg = Debug|Any CPU
		{4E700288-CFEA-4F9A-9125-8F6590FBC0B4}.Debug|Any CPU.Build.0 = Debug|Any CPU
		{4E700288-CFEA-4F9A-9125-8F6590FBC0B4}.Release|Any CPU.ActiveCfg = Release|Any CPU
		{4E700288-CFEA-4F9A-9125-8F6590FBC0B4}.Release|Any CPU.Build.0 = Release|Any CPU
		{A63D72A5-E717-464B-BB03-B1B33818CE2C}.Debug|Any CPU.ActiveCfg = Debug|Any CPU
		{A63D72A5-E717-464B-BB03-B1B33818CE2C}.Debug|Any CPU.Build.0 = Debug|Any CPU
		{A63D72A5-E717-464B-BB03-B1B33818CE2C}.Release|Any CPU.ActiveCfg = Release|Any CPU
		{A63D72A5-E717-464B-BB03-B1B33818CE2C}.Release|Any CPU.Build.0 = Release|Any CPU
		{CDAEC58A-A491-4432-92D7-0CEA9594C016}.Debug|Any CPU.ActiveCfg = Debug|Any CPU
		{CDAEC58A-A491-4432-92D7-0CEA9594C016}.Debug|Any CPU.Build.0 = Debug|Any CPU
		{CDAEC58A-A491-4432-92D7-0CEA9594C016}.Release|Any CPU.ActiveCfg = Release|Any CPU
		{CDAEC58A-A491-4432-92D7-0CEA9594C016}.Release|Any CPU.Build.0 = Release|Any CPU
	EndGlobalSection
	GlobalSection(SolutionProperties) = preSolution
		HideSolutionNode = FALSE
	EndGlobalSection
	GlobalSection(NestedProjects) = preSolution
		{266A696C-4D90-40A9-AA40-2FE75DF52858} = {61D2FB81-3C87-48C3-9D39-40A7291471DF}
		{0AC137E9-2897-4888-B3BD-92BDEBD9841E} = {61D2FB81-3C87-48C3-9D39-40A7291471DF}
		{B005FD2F-CCE6-4778-B76B-80D0D0050540} = {9284B1C0-621B-4432-8392-6A8ECE20EAEA}
		{4E700288-CFEA-4F9A-9125-8F6590FBC0B4} = {9284B1C0-621B-4432-8392-6A8ECE20EAEA}
		{9284B1C0-621B-4432-8392-6A8ECE20EAEA} = {F7842AE8-2B0F-442E-9E54-92CDE863C382}
		{61D2FB81-3C87-48C3-9D39-40A7291471DF} = {F7842AE8-2B0F-442E-9E54-92CDE863C382}
		{A63D72A5-E717-464B-BB03-B1B33818CE2C} = {9284B1C0-621B-4432-8392-6A8ECE20EAEA}
		{CDAEC58A-A491-4432-92D7-0CEA9594C016} = {9284B1C0-621B-4432-8392-6A8ECE20EAEA}
	EndGlobalSection
	GlobalSection(ExtensibilityGlobals) = postSolution
		SolutionGuid = {BCCA8F13-6B0E-490C-A9C4-F6DF6FC58F5E}
	EndGlobalSection
EndGlobal
