
Microsoft Visual Studio Solution File, Format Version 12.00
# Visual Studio 15
VisualStudioVersion = 15.0.28307.539
MinimumVisualStudioVersion = 10.0.40219.1
Project("{9A19103F-16F7-4668-BE54-9A1E7A4F7556}") = "Arrays", "Exercises\Arrays.csproj", "{266A696C-4D90-40A9-AA40-2FE75DF52858}"
EndProject
Project("{FAE04EC0-301F-11D3-BF4B-00C04F79EFBC}") = "List", "List\List.csproj", "{6F2736EA-81EF-4FB0-A501-91A93FA7664B}"
EndProject
Project("{FAE04EC0-301F-11D3-BF4B-00C04F79EFBC}") = "async, await", "async, await\async, await.csproj", "{92C42D08-7C71-4A02-8474-7DCF008F2BDC}"
EndProject
Global
	GlobalSection(SolutionConfigurationPlatforms) = preSolution
		Debug|Any CPU = Debug|Any CPU
		Release|Any CPU = Release|Any CPU
	EndGlobalSection
	GlobalSection(ProjectConfigurationPlatforms) = postSolution
		{266A696C-4D90-40A9-AA40-2FE75DF52858}.Debug|Any CPU.ActiveCfg = Debug|Any CPU
		{266A696C-4D90-40A9-AA40-2FE75DF52858}.Debug|Any CPU.Build.0 = Debug|Any CPU
		{266A696C-4D90-40A9-AA40-2FE75DF52858}.Release|Any CPU.ActiveCfg = Release|Any CPU
		{266A696C-4D90-40A9-AA40-2FE75DF52858}.Release|Any CPU.Build.0 = Release|Any CPU
		{6F2736EA-81EF-4FB0-A501-91A93FA7664B}.Debug|Any CPU.ActiveCfg = Debug|Any CPU
		{6F2736EA-81EF-4FB0-A501-91A93FA7664B}.Debug|Any CPU.Build.0 = Debug|Any CPU
		{6F2736EA-81EF-4FB0-A501-91A93FA7664B}.Release|Any CPU.ActiveCfg = Release|Any CPU
		{6F2736EA-81EF-4FB0-A501-91A93FA7664B}.Release|Any CPU.Build.0 = Release|Any CPU
		{92C42D08-7C71-4A02-8474-7DCF008F2BDC}.Debug|Any CPU.ActiveCfg = Debug|Any CPU
		{92C42D08-7C71-4A02-8474-7DCF008F2BDC}.Debug|Any CPU.Build.0 = Debug|Any CPU
		{92C42D08-7C71-4A02-8474-7DCF008F2BDC}.Release|Any CPU.ActiveCfg = Release|Any CPU
		{92C42D08-7C71-4A02-8474-7DCF008F2BDC}.Release|Any CPU.Build.0 = Release|Any CPU
	EndGlobalSection
	GlobalSection(SolutionProperties) = preSolution
		HideSolutionNode = FALSE
	EndGlobalSection
	GlobalSection(ExtensibilityGlobals) = postSolution
		SolutionGuid = {BCCA8F13-6B0E-490C-A9C4-F6DF6FC58F5E}
	EndGlobalSection
EndGlobal
